// !$*UTF8*$!
{
	archiveVersion = 1;
	classes = {
	};
	objectVersion = 56;
	objects = {

/* Begin PBXBuildFile section */
		D110773E29A9E69300CADB02 /* ShapeAndStroke.swift in Sources */ = {isa = PBXBuildFile; fileRef = D110773D29A9E69300CADB02 /* ShapeAndStroke.swift */; };
		D110774029A9E89000CADB02 /* SFSymbolDemo.swift in Sources */ = {isa = PBXBuildFile; fileRef = D110773F29A9E89000CADB02 /* SFSymbolDemo.swift */; };
		D110774229A9F0DE00CADB02 /* NavigationViewDemo.swift in Sources */ = {isa = PBXBuildFile; fileRef = D110774129A9F0DE00CADB02 /* NavigationViewDemo.swift */; };
		D110774429A9F4CD00CADB02 /* ToolBarDemo.swift in Sources */ = {isa = PBXBuildFile; fileRef = D110774329A9F4CD00CADB02 /* ToolBarDemo.swift */; };
		D110774629A9F61C00CADB02 /* ImageViewDemo.swift in Sources */ = {isa = PBXBuildFile; fileRef = D110774529A9F61C00CADB02 /* ImageViewDemo.swift */; };
		D110774829A9F87B00CADB02 /* MaxWidthAndHeightDemo.swift in Sources */ = {isa = PBXBuildFile; fileRef = D110774729A9F87B00CADB02 /* MaxWidthAndHeightDemo.swift */; };
		D110774A29A9FE4200CADB02 /* ShadowsAndOpacityDemo.swift in Sources */ = {isa = PBXBuildFile; fileRef = D110774929A9FE4200CADB02 /* ShadowsAndOpacityDemo.swift */; };
		D131891A29A87EE700B991F4 /* DesignAndCodeLearningApp.swift in Sources */ = {isa = PBXBuildFile; fileRef = D131891929A87EE700B991F4 /* DesignAndCodeLearningApp.swift */; };
		D131891C29A87EE700B991F4 /* ContentView.swift in Sources */ = {isa = PBXBuildFile; fileRef = D131891B29A87EE700B991F4 /* ContentView.swift */; };
		D131891E29A87EE900B991F4 /* Assets.xcassets in Resources */ = {isa = PBXBuildFile; fileRef = D131891D29A87EE900B991F4 /* Assets.xcassets */; };
		D131892129A87EE900B991F4 /* Preview Assets.xcassets in Resources */ = {isa = PBXBuildFile; fileRef = D131892029A87EE900B991F4 /* Preview Assets.xcassets */; };
		D131892829A87FDD00B991F4 /* ZStackContentView.swift in Sources */ = {isa = PBXBuildFile; fileRef = D131892729A87FDD00B991F4 /* ZStackContentView.swift */; };
/* End PBXBuildFile section */

/* Begin PBXFileReference section */
		D110773D29A9E69300CADB02 /* ShapeAndStroke.swift */ = {isa = PBXFileReference; lastKnownFileType = sourcecode.swift; path = ShapeAndStroke.swift; sourceTree = "<group>"; };
		D110773F29A9E89000CADB02 /* SFSymbolDemo.swift */ = {isa = PBXFileReference; lastKnownFileType = sourcecode.swift; path = SFSymbolDemo.swift; sourceTree = "<group>"; };
		D110774129A9F0DE00CADB02 /* NavigationViewDemo.swift */ = {isa = PBXFileReference; lastKnownFileType = sourcecode.swift; path = NavigationViewDemo.swift; sourceTree = "<group>"; };
		D110774329A9F4CD00CADB02 /* ToolBarDemo.swift */ = {isa = PBXFileReference; lastKnownFileType = sourcecode.swift; path = ToolBarDemo.swift; sourceTree = "<group>"; };
		D110774529A9F61C00CADB02 /* ImageViewDemo.swift */ = {isa = PBXFileReference; lastKnownFileType = sourcecode.swift; path = ImageViewDemo.swift; sourceTree = "<group>"; };
		D110774729A9F87B00CADB02 /* MaxWidthAndHeightDemo.swift */ = {isa = PBXFileReference; lastKnownFileType = sourcecode.swift; path = MaxWidthAndHeightDemo.swift; sourceTree = "<group>"; };
		D110774929A9FE4200CADB02 /* ShadowsAndOpacityDemo.swift */ = {isa = PBXFileReference; lastKnownFileType = sourcecode.swift; path = ShadowsAndOpacityDemo.swift; sourceTree = "<group>"; };
		D131891629A87EE700B991F4 /* DesignAndCodeLearning.app */ = {isa = PBXFileReference; explicitFileType = wrapper.application; includeInIndex = 0; path = DesignAndCodeLearning.app; sourceTree = BUILT_PRODUCTS_DIR; };
		D131891929A87EE700B991F4 /* DesignAndCodeLearningApp.swift */ = {isa = PBXFileReference; lastKnownFileType = sourcecode.swift; path = DesignAndCodeLearningApp.swift; sourceTree = "<group>"; };
		D131891B29A87EE700B991F4 /* ContentView.swift */ = {isa = PBXFileReference; lastKnownFileType = sourcecode.swift; path = ContentView.swift; sourceTree = "<group>"; };
		D131891D29A87EE900B991F4 /* Assets.xcassets */ = {isa = PBXFileReference; lastKnownFileType = folder.assetcatalog; path = Assets.xcassets; sourceTree = "<group>"; };
		D131892029A87EE900B991F4 /* Preview Assets.xcassets */ = {isa = PBXFileReference; lastKnownFileType = folder.assetcatalog; path = "Preview Assets.xcassets"; sourceTree = "<group>"; };
		D131892729A87FDD00B991F4 /* ZStackContentView.swift */ = {isa = PBXFileReference; lastKnownFileType = sourcecode.swift; path = ZStackContentView.swift; sourceTree = "<group>"; };
/* End PBXFileReference section */

/* Begin PBXFrameworksBuildPhase section */
		D131891329A87EE700B991F4 /* Frameworks */ = {
			isa = PBXFrameworksBuildPhase;
			buildActionMask = 2147483647;
			files = (
			);
			runOnlyForDeploymentPostprocessing = 0;
		};
/* End PBXFrameworksBuildPhase section */

/* Begin PBXGroup section */
		D131890D29A87EE700B991F4 = {
			isa = PBXGroup;
			children = (
				D131891829A87EE700B991F4 /* DesignAndCodeLearning */,
				D131891729A87EE700B991F4 /* Products */,
			);
			sourceTree = "<group>";
		};
		D131891729A87EE700B991F4 /* Products */ = {
			isa = PBXGroup;
			children = (
				D131891629A87EE700B991F4 /* DesignAndCodeLearning.app */,
			);
			name = Products;
			sourceTree = "<group>";
		};
		D131891829A87EE700B991F4 /* DesignAndCodeLearning */ = {
			isa = PBXGroup;
			children = (
				D131891929A87EE700B991F4 /* DesignAndCodeLearningApp.swift */,
				D131891B29A87EE700B991F4 /* ContentView.swift */,
				D131892729A87FDD00B991F4 /* ZStackContentView.swift */,
				D110774529A9F61C00CADB02 /* ImageViewDemo.swift */,
				D110774729A9F87B00CADB02 /* MaxWidthAndHeightDemo.swift */,
				D110774329A9F4CD00CADB02 /* ToolBarDemo.swift */,
				D110774929A9FE4200CADB02 /* ShadowsAndOpacityDemo.swift */,
				D110773D29A9E69300CADB02 /* ShapeAndStroke.swift */,
				D110774129A9F0DE00CADB02 /* NavigationViewDemo.swift */,
				D110773F29A9E89000CADB02 /* SFSymbolDemo.swift */,
				D131891D29A87EE900B991F4 /* Assets.xcassets */,
				D131891F29A87EE900B991F4 /* Preview Content */,
			);
			path = DesignAndCodeLearning;
			sourceTree = "<group>";
		};
		D131891F29A87EE900B991F4 /* Preview Content */ = {
			isa = PBXGroup;
			children = (
				D131892029A87EE900B991F4 /* Preview Assets.xcassets */,
			);
			path = "Preview Content";
			sourceTree = "<group>";
		};
/* End PBXGroup section */

/* Begin PBXNativeTarget section */
		D131891529A87EE700B991F4 /* DesignAndCodeLearning */ = {
			isa = PBXNativeTarget;
			buildConfigurationList = D131892429A87EEA00B991F4 /* Build configuration list for PBXNativeTarget "DesignAndCodeLearning" */;
			buildPhases = (
				D131891229A87EE700B991F4 /* Sources */,
				D131891329A87EE700B991F4 /* Frameworks */,
				D131891429A87EE700B991F4 /* Resources */,
			);
			buildRules = (
			);
			dependencies = (
			);
			name = DesignAndCodeLearning;
			productName = DesignAndCodeLearning;
			productReference = D131891629A87EE700B991F4 /* DesignAndCodeLearning.app */;
			productType = "com.apple.product-type.application";
		};
/* End PBXNativeTarget section */

/* Begin PBXProject section */
		D131890E29A87EE700B991F4 /* Project object */ = {
			isa = PBXProject;
			attributes = {
				BuildIndependentTargetsInParallel = 1;
				LastSwiftUpdateCheck = 1420;
				LastUpgradeCheck = 1420;
				TargetAttributes = {
					D131891529A87EE700B991F4 = {
						CreatedOnToolsVersion = 14.2;
					};
				};
			};
			buildConfigurationList = D131891129A87EE700B991F4 /* Build configuration list for PBXProject "DesignAndCodeLearning" */;
			compatibilityVersion = "Xcode 14.0";
			developmentRegion = en;
			hasScannedForEncodings = 0;
			knownRegions = (
				en,
				Base,
			);
			mainGroup = D131890D29A87EE700B991F4;
			productRefGroup = D131891729A87EE700B991F4 /* Products */;
			projectDirPath = "";
			projectRoot = "";
			targets = (
				D131891529A87EE700B991F4 /* DesignAndCodeLearning */,
			);
		};
/* End PBXProject section */

/* Begin PBXResourcesBuildPhase section */
		D131891429A87EE700B991F4 /* Resources */ = {
			isa = PBXResourcesBuildPhase;
			buildActionMask = 2147483647;
			files = (
				D131892129A87EE900B991F4 /* Preview Assets.xcassets in Resources */,
				D131891E29A87EE900B991F4 /* Assets.xcassets in Resources */,
			);
			runOnlyForDeploymentPostprocessing = 0;
		};
/* End PBXResourcesBuildPhase section */

/* Begin PBXSourcesBuildPhase section */
		D131891229A87EE700B991F4 /* Sources */ = {
			isa = PBXSourcesBuildPhase;
			buildActionMask = 2147483647;
			files = (
				D110774029A9E89000CADB02 /* SFSymbolDemo.swift in Sources */,
				D110774829A9F87B00CADB02 /* MaxWidthAndHeightDemo.swift in Sources */,
				D110774629A9F61C00CADB02 /* ImageViewDemo.swift in Sources */,
				D110774229A9F0DE00CADB02 /* NavigationViewDemo.swift in Sources */,
				D110774429A9F4CD00CADB02 /* ToolBarDemo.swift in Sources */,
				D131891C29A87EE700B991F4 /* ContentView.swift in Sources */,
				D110774A29A9FE4200CADB02 /* ShadowsAndOpacityDemo.swift in Sources */,
				D131891A29A87EE700B991F4 /* DesignAndCodeLearningApp.swift in Sources */,
				D131892829A87FDD00B991F4 /* ZStackContentView.swift in Sources */,
				D110773E29A9E69300CADB02 /* ShapeAndStroke.swift in Sources */,
			);
			runOnlyForDeploymentPostprocessing = 0;
		};
/* End PBXSourcesBuildPhase section */

/* Begin XCBuildConfiguration section */
		D131892229A87EEA00B991F4 /* Debug */ = {
			isa = XCBuildConfiguration;
			buildSettings = {
				ALWAYS_SEARCH_USER_PATHS = NO;
				CLANG_ANALYZER_NONNULL = YES;
				CLANG_ANALYZER_NUMBER_OBJECT_CONVERSION = YES_AGGRESSIVE;
				CLANG_CXX_LANGUAGE_STANDARD = "gnu++20";
				CLANG_ENABLE_MODULES = YES;
				CLANG_ENABLE_OBJC_ARC = YES;
				CLANG_ENABLE_OBJC_WEAK = YES;
				CLANG_WARN_BLOCK_CAPTURE_AUTORELEASING = YES;
				CLANG_WARN_BOOL_CONVERSION = YES;
				CLANG_WARN_COMMA = YES;
				CLANG_WARN_CONSTANT_CONVERSION = YES;
				CLANG_WARN_DEPRECATED_OBJC_IMPLEMENTATIONS = YES;
				CLANG_WARN_DIRECT_OBJC_ISA_USAGE = YES_ERROR;
				CLANG_WARN_DOCUMENTATION_COMMENTS = YES;
				CLANG_WARN_EMPTY_BODY = YES;
				CLANG_WARN_ENUM_CONVERSION = YES;
				CLANG_WARN_INFINITE_RECURSION = YES;
				CLANG_WARN_INT_CONVERSION = YES;
				CLANG_WARN_NON_LITERAL_NULL_CONVERSION = YES;
				CLANG_WARN_OBJC_IMPLICIT_RETAIN_SELF = YES;
				CLANG_WARN_OBJC_LITERAL_CONVERSION = YES;
				CLANG_WARN_OBJC_ROOT_CLASS = YES_ERROR;
				CLANG_WARN_QUOTED_INCLUDE_IN_FRAMEWORK_HEADER = YES;
				CLANG_WARN_RANGE_LOOP_ANALYSIS = YES;
				CLANG_WARN_STRICT_PROTOTYPES = YES;
				CLANG_WARN_SUSPICIOUS_MOVE = YES;
				CLANG_WARN_UNGUARDED_AVAILABILITY = YES_AGGRESSIVE;
				CLANG_WARN_UNREACHABLE_CODE = YES;
				CLANG_WARN__DUPLICATE_METHOD_MATCH = YES;
				COPY_PHASE_STRIP = NO;
				DEBUG_INFORMATION_FORMAT = dwarf;
				ENABLE_STRICT_OBJC_MSGSEND = YES;
				ENABLE_TESTABILITY = YES;
				GCC_C_LANGUAGE_STANDARD = gnu11;
				GCC_DYNAMIC_NO_PIC = NO;
				GCC_NO_COMMON_BLOCKS = YES;
				GCC_OPTIMIZATION_LEVEL = 0;
				GCC_PREPROCESSOR_DEFINITIONS = (
					"DEBUG=1",
					"$(inherited)",
				);
				GCC_WARN_64_TO_32_BIT_CONVERSION = YES;
				GCC_WARN_ABOUT_RETURN_TYPE = YES_ERROR;
				GCC_WARN_UNDECLARED_SELECTOR = YES;
				GCC_WARN_UNINITIALIZED_AUTOS = YES_AGGRESSIVE;
				GCC_WARN_UNUSED_FUNCTION = YES;
				GCC_WARN_UNUSED_VARIABLE = YES;
				IPHONEOS_DEPLOYMENT_TARGET = 16.2;
				MTL_ENABLE_DEBUG_INFO = INCLUDE_SOURCE;
				MTL_FAST_MATH = YES;
				ONLY_ACTIVE_ARCH = YES;
				SDKROOT = iphoneos;
				SWIFT_ACTIVE_COMPILATION_CONDITIONS = DEBUG;
				SWIFT_OPTIMIZATION_LEVEL = "-Onone";
			};
			name = Debug;
		};
		D131892329A87EEA00B991F4 /* Release */ = {
			isa = XCBuildConfiguration;
			buildSettings = {
				ALWAYS_SEARCH_USER_PATHS = NO;
				CLANG_ANALYZER_NONNULL = YES;
				CLANG_ANALYZER_NUMBER_OBJECT_CONVERSION = YES_AGGRESSIVE;
				CLANG_CXX_LANGUAGE_STANDARD = "gnu++20";
				CLANG_ENABLE_MODULES = YES;
				CLANG_ENABLE_OBJC_ARC = YES;
				CLANG_ENABLE_OBJC_WEAK = YES;
				CLANG_WARN_BLOCK_CAPTURE_AUTORELEASING = YES;
				CLANG_WARN_BOOL_CONVERSION = YES;
				CLANG_WARN_COMMA = YES;
				CLANG_WARN_CONSTANT_CONVERSION = YES;
				CLANG_WARN_DEPRECATED_OBJC_IMPLEMENTATIONS = YES;
				CLANG_WARN_DIRECT_OBJC_ISA_USAGE = YES_ERROR;
				CLANG_WARN_DOCUMENTATION_COMMENTS = YES;
				CLANG_WARN_EMPTY_BODY = YES;
				CLANG_WARN_ENUM_CONVERSION = YES;
				CLANG_WARN_INFINITE_RECURSION = YES;
				CLANG_WARN_INT_CONVERSION = YES;
				CLANG_WARN_NON_LITERAL_NULL_CONVERSION = YES;
				CLANG_WARN_OBJC_IMPLICIT_RETAIN_SELF = YES;
				CLANG_WARN_OBJC_LITERAL_CONVERSION = YES;
				CLANG_WARN_OBJC_ROOT_CLASS = YES_ERROR;
				CLANG_WARN_QUOTED_INCLUDE_IN_FRAMEWORK_HEADER = YES;
				CLANG_WARN_RANGE_LOOP_ANALYSIS = YES;
				CLANG_WARN_STRICT_PROTOTYPES = YES;
				CLANG_WARN_SUSPICIOUS_MOVE = YES;
				CLANG_WARN_UNGUARDED_AVAILABILITY = YES_AGGRESSIVE;
				CLANG_WARN_UNREACHABLE_CODE = YES;
				CLANG_WARN__DUPLICATE_METHOD_MATCH = YES;
				COPY_PHASE_STRIP = NO;
				DEBUG_INFORMATION_FORMAT = "dwarf-with-dsym";
				ENABLE_NS_ASSERTIONS = NO;
				ENABLE_STRICT_OBJC_MSGSEND = YES;
				GCC_C_LANGUAGE_STANDARD = gnu11;
				GCC_NO_COMMON_BLOCKS = YES;
				GCC_WARN_64_TO_32_BIT_CONVERSION = YES;
				GCC_WARN_ABOUT_RETURN_TYPE = YES_ERROR;
				GCC_WARN_UNDECLARED_SELECTOR = YES;
				GCC_WARN_UNINITIALIZED_AUTOS = YES_AGGRESSIVE;
				GCC_WARN_UNUSED_FUNCTION = YES;
				GCC_WARN_UNUSED_VARIABLE = YES;
				IPHONEOS_DEPLOYMENT_TARGET = 16.2;
				MTL_ENABLE_DEBUG_INFO = NO;
				MTL_FAST_MATH = YES;
				SDKROOT = iphoneos;
				SWIFT_COMPILATION_MODE = wholemodule;
				SWIFT_OPTIMIZATION_LEVEL = "-O";
				VALIDATE_PRODUCT = YES;
			};
			name = Release;
		};
		D131892529A87EEA00B991F4 /* Debug */ = {
			isa = XCBuildConfiguration;
			buildSettings = {
				ASSETCATALOG_COMPILER_APPICON_NAME = AppIcon;
				ASSETCATALOG_COMPILER_GLOBAL_ACCENT_COLOR_NAME = AccentColor;
				CODE_SIGN_STYLE = Automatic;
				CURRENT_PROJECT_VERSION = 1;
				DEVELOPMENT_ASSET_PATHS = "\"DesignAndCodeLearning/Preview Content\"";
				ENABLE_PREVIEWS = YES;
				GENERATE_INFOPLIST_FILE = YES;
				INFOPLIST_KEY_UIApplicationSceneManifest_Generation = YES;
				INFOPLIST_KEY_UIApplicationSupportsIndirectInputEvents = YES;
				INFOPLIST_KEY_UILaunchScreen_Generation = YES;
				INFOPLIST_KEY_UISupportedInterfaceOrientations_iPad = "UIInterfaceOrientationPortrait UIInterfaceOrientationPortraitUpsideDown UIInterfaceOrientationLandscapeLeft UIInterfaceOrientationLandscapeRight";
				INFOPLIST_KEY_UISupportedInterfaceOrientations_iPhone = "UIInterfaceOrientationPortrait UIInterfaceOrientationLandscapeLeft UIInterfaceOrientationLandscapeRight";
				LD_RUNPATH_SEARCH_PATHS = (
					"$(inherited)",
					"@executable_path/Frameworks",
				);
				MARKETING_VERSION = 1.0;
				PRODUCT_BUNDLE_IDENTIFIER = com.proseth.app.DesignAndCodeLearning;
				PRODUCT_NAME = "$(TARGET_NAME)";
				SWIFT_EMIT_LOC_STRINGS = YES;
				SWIFT_VERSION = 5.0;
				TARGETED_DEVICE_FAMILY = "1,2";
			};
			name = Debug;
		};
		D131892629A87EEA00B991F4 /* Release */ = {
			isa = XCBuildConfiguration;
			buildSettings = {
				ASSETCATALOG_COMPILER_APPICON_NAME = AppIcon;
				ASSETCATALOG_COMPILER_GLOBAL_ACCENT_COLOR_NAME = AccentColor;
				CODE_SIGN_STYLE = Automatic;
				CURRENT_PROJECT_VERSION = 1;
				DEVELOPMENT_ASSET_PATHS = "\"DesignAndCodeLearning/Preview Content\"";
				ENABLE_PREVIEWS = YES;
				GENERATE_INFOPLIST_FILE = YES;
				INFOPLIST_KEY_UIApplicationSceneManifest_Generation = YES;
				INFOPLIST_KEY_UIApplicationSupportsIndirectInputEvents = YES;
				INFOPLIST_KEY_UILaunchScreen_Generation = YES;
				INFOPLIST_KEY_UISupportedInterfaceOrientations_iPad = "UIInterfaceOrientationPortrait UIInterfaceOrientationPortraitUpsideDown UIInterfaceOrientationLandscapeLeft UIInterfaceOrientationLandscapeRight";
				INFOPLIST_KEY_UISupportedInterfaceOrientations_iPhone = "UIInterfaceOrientationPortrait UIInterfaceOrientationLandscapeLeft UIInterfaceOrientationLandscapeRight";
				LD_RUNPATH_SEARCH_PATHS = (
					"$(inherited)",
					"@executable_path/Frameworks",
				);
				MARKETING_VERSION = 1.0;
				PRODUCT_BUNDLE_IDENTIFIER = com.proseth.app.DesignAndCodeLearning;
				PRODUCT_NAME = "$(TARGET_NAME)";
				SWIFT_EMIT_LOC_STRINGS = YES;
				SWIFT_VERSION = 5.0;
				TARGETED_DEVICE_FAMILY = "1,2";
			};
			name = Release;
		};
/* End XCBuildConfiguration section */

/* Begin XCConfigurationList section */
		D131891129A87EE700B991F4 /* Build configuration list for PBXProject "DesignAndCodeLearning" */ = {
			isa = XCConfigurationList;
			buildConfigurations = (
				D131892229A87EEA00B991F4 /* Debug */,
				D131892329A87EEA00B991F4 /* Release */,
			);
			defaultConfigurationIsVisible = 0;
			defaultConfigurationName = Release;
		};
		D131892429A87EEA00B991F4 /* Build configuration list for PBXNativeTarget "DesignAndCodeLearning" */ = {
			isa = XCConfigurationList;
			buildConfigurations = (
				D131892529A87EEA00B991F4 /* Debug */,
				D131892629A87EEA00B991F4 /* Release */,
			);
			defaultConfigurationIsVisible = 0;
			defaultConfigurationName = Release;
		};
/* End XCConfigurationList section */
	};
	rootObject = D131890E29A87EE700B991F4 /* Project object */;
}
